PODS:
  - DRCircularProgress (1.0.3)
  - IPaIndicator (2.0)

DEPENDENCIES:
  - DRCircularProgress
  - IPaIndicator (from `../`)

EXTERNAL SOURCES:
  IPaIndicator:
    :path: "../"

SPEC CHECKSUMS:
  DRCircularProgress: d4e19f1d1bfb47e7c6337585748d26624ef7c7d1
  IPaIndicator: bce42269ace7a517d4937bbb48090a3a4bfbdd92

PODFILE CHECKSUM: 48d1195def3d893613433dd6653806cd224c1047

COCOAPODS: 1.2.1
